<?xml version="1.0" encoding="utf-8"?>
<Project ToolsVersion="4.0" xmlns="http://schemas.microsoft.com/developer/msbuild/2003">
  <ItemGroup>
    <Filter Include="Database Handlers">
      <UniqueIdentifier>{c96e4408-cbb1-4dd1-942f-ed8842a5070f}</UniqueIdentifier>
    </Filter>
    <Filter Include="User Commands">
      <UniqueIdentifier>{5e9a31c7-7421-4fc2-ab9a-c2d987a155a0}</UniqueIdentifier>
    </Filter>
    <Filter Include="User Commands\Scan Gapless">
      <UniqueIdentifier>{aa97aa78-d0f6-40a9-8e9f-0c201d9f15ba}</UniqueIdentifier>
    </Filter>
    <Filter Include="User Commands\Load to Playlist">
      <UniqueIdentifier>{977a1429-c417-4048-b227-b032dedfe575}</UniqueIdentifier>
    </Filter>
    <Filter Include="User Commands\Remove Files">
      <UniqueIdentifier>{f0d36f2f-af29-4d72-8891-16eaf43d771e}</UniqueIdentifier>
    </Filter>
    <Filter Include="User Commands\Send Files">
      <UniqueIdentifier>{c74d6128-de42-41ab-8e6e-c9ca3b2ea2e5}</UniqueIdentifier>
    </Filter>
    <Filter Include="User Commands\Sync">
      <UniqueIdentifier>{ece38be8-de79-4b56-ad7f-c5808082505d}</UniqueIdentifier>
    </Filter>
    <Filter Include="User Commands\Browser">
      <UniqueIdentifier>{8d4d7942-816f-488a-a9a2-5a4604827b57}</UniqueIdentifier>
    </Filter>
    <Filter Include="User Commands\Shell">
      <UniqueIdentifier>{6a77ee65-8c66-4c30-addd-55ce6cd5d8a2}</UniqueIdentifier>
    </Filter>
    <Filter Include="Component">
      <UniqueIdentifier>{e8330048-8d84-424f-9d80-acf6158d2821}</UniqueIdentifier>
    </Filter>
    <Filter Include="Helpers">
      <UniqueIdentifier>{ae516bca-d03b-4dfa-9cc1-bdecd10d9a57}</UniqueIdentifier>
    </Filter>
    <Filter Include="Helpers\Library Interfaces">
      <UniqueIdentifier>{1b639058-c779-4796-9d4c-59b6228389c3}</UniqueIdentifier>
    </Filter>
    <Filter Include="Helpers\Library Interfaces\SQLite">
      <UniqueIdentifier>{27115b6d-ed29-4e56-aa63-18db73aa09eb}</UniqueIdentifier>
    </Filter>
    <Filter Include="Helpers\Library Interfaces\Zlib">
      <UniqueIdentifier>{674ee179-66d2-42ef-9ec9-5b5b2e626f0f}</UniqueIdentifier>
    </Filter>
    <Filter Include="Helpers\MP4">
      <UniqueIdentifier>{459e5df5-fb68-407c-943d-fdcf0a5b12f7}</UniqueIdentifier>
    </Filter>
    <Filter Include="Helpers\Speech">
      <UniqueIdentifier>{70f90c34-7f6d-4919-b34e-fca3b17fc611}</UniqueIdentifier>
    </Filter>
    <Filter Include="Resources">
      <UniqueIdentifier>{9501ac20-340b-40f1-801a-b0d0507ad9ba}</UniqueIdentifier>
    </Filter>
    <Filter Include="Backend Operations">
      <UniqueIdentifier>{67865045-c7fa-4689-8eb6-38ce1b08e0e6}</UniqueIdentifier>
    </Filter>
    <Filter Include="Mobile Device">
      <UniqueIdentifier>{8a92fd48-f296-4120-9540-581a1729e486}</UniqueIdentifier>
    </Filter>
  </ItemGroup>
  <ItemGroup>
    <ClInclude Include="chapter.h">
      <Filter>Database Handlers</Filter>
    </ClInclude>
    <ClInclude Include="itunesdb.h">
      <Filter>Database Handlers</Filter>
    </ClInclude>
    <ClInclude Include="photodb.h">
      <Filter>Database Handlers</Filter>
    </ClInclude>
    <ClInclude Include="smart_playlist_processor.h">
      <Filter>Database Handlers</Filter>
    </ClInclude>
    <ClInclude Include="actions_base.h">
      <Filter>User Commands</Filter>
    </ClInclude>
    <ClInclude Include="lock.h">
      <Filter>User Commands</Filter>
    </ClInclude>
    <ClInclude Include="maintenance.h">
      <Filter>User Commands</Filter>
    </ClInclude>
    <ClInclude Include="gapless.h">
      <Filter>User Commands\Scan Gapless</Filter>
    </ClInclude>
    <ClInclude Include="load_to_playlist.h">
      <Filter>User Commands\Load to Playlist</Filter>
    </ClInclude>
    <ClInclude Include="remove_files.h">
      <Filter>User Commands\Remove Files</Filter>
    </ClInclude>
    <ClInclude Include="send_files.h">
      <Filter>User Commands\Send Files</Filter>
    </ClInclude>
    <ClInclude Include="sync.h">
      <Filter>User Commands\Sync</Filter>
    </ClInclude>
    <ClInclude Include="browse.h">
      <Filter>User Commands\Browser</Filter>
    </ClInclude>
    <ClInclude Include="item_properties.h">
      <Filter>User Commands\Browser</Filter>
    </ClInclude>
    <ClInclude Include="photo_browser.h">
      <Filter>User Commands\Browser</Filter>
    </ClInclude>
    <ClInclude Include="smart_playlist_editor.h">
      <Filter>User Commands\Browser</Filter>
    </ClInclude>
    <ClInclude Include="shell.h">
      <Filter>User Commands\Shell</Filter>
    </ClInclude>
    <ClInclude Include="config.h">
      <Filter>Component</Filter>
    </ClInclude>
    <ClInclude Include="ipod_manager.h">
      <Filter>Component</Filter>
    </ClInclude>
    <ClInclude Include="resource.h">
      <Filter>Component</Filter>
    </ClInclude>
    <ClInclude Include="results.h">
      <Filter>Component</Filter>
    </ClInclude>
    <ClInclude Include="helpers.h">
      <Filter>Helpers</Filter>
    </ClInclude>
    <ClInclude Include="iPhoneCalc.h">
      <Filter>Helpers</Filter>
    </ClInclude>
    <ClInclude Include="sqlite.h">
      <Filter>Helpers\Library Interfaces\SQLite</Filter>
    </ClInclude>
    <ClInclude Include="zlib.h">
      <Filter>Helpers\Library Interfaces\Zlib</Filter>
    </ClInclude>
    <ClInclude Include="mp4.h">
      <Filter>Helpers\MP4</Filter>
    </ClInclude>
    <ClInclude Include="speech.h">
      <Filter>Helpers\Speech</Filter>
    </ClInclude>
    <ClInclude Include="file_adder.h">
      <Filter>Backend Operations</Filter>
    </ClInclude>
    <ClInclude Include="file_remover.h">
      <Filter>Backend Operations</Filter>
    </ClInclude>
    <ClInclude Include="gapless_scanner.h">
      <Filter>Backend Operations</Filter>
    </ClInclude>
    <ClInclude Include="ipod_scanner.h">
      <Filter>Backend Operations</Filter>
    </ClInclude>
    <ClInclude Include="prepare.h">
      <Filter>Backend Operations</Filter>
    </ClInclude>
    <ClInclude Include="reader.h">
      <Filter>Backend Operations</Filter>
    </ClInclude>
    <ClInclude Include="sync_logic.h">
      <Filter>Backend Operations</Filter>
    </ClInclude>
    <ClInclude Include="writer.h">
      <Filter>Backend Operations</Filter>
    </ClInclude>
    <ClInclude Include="writer_sort_helpers.h">
      <Filter>Backend Operations</Filter>
    </ClInclude>
    <ClInclude Include="mach_error.h">
      <Filter>Mobile Device</Filter>
    </ClInclude>
    <ClInclude Include="mobile_device_definitions.h">
      <Filter>Mobile Device</Filter>
    </ClInclude>
    <ClInclude Include="mobile_device_error.h">
      <Filter>Mobile Device</Filter>
    </ClInclude>
    <ClInclude Include="mobile_device_v2.h">
      <Filter>Mobile Device</Filter>
    </ClInclude>
    <ClInclude Include="bplist.h" />
    <ClInclude Include="cfobject.h" />
    <ClInclude Include="plist.h" />
    <ClInclude Include="file_adder_conversion.h">
      <Filter>Backend Operations</Filter>
    </ClInclude>
    <ClInclude Include="config_database.h">
      <Filter>Component</Filter>
    </ClInclude>
    <ClInclude Include="config_conversion.h">
      <Filter>Component</Filter>
    </ClInclude>
    <ClInclude Include="config_features.h">
      <Filter>Component</Filter>
    </ClInclude>
    <ClInclude Include="config_behaviour.h">
      <Filter>Component</Filter>
    </ClInclude>
    <ClInclude Include="config_ios.h">
      <Filter>Component</Filter>
    </ClInclude>
    <ClInclude Include="dopdb.h">
      <Filter>Database Handlers</Filter>
    </ClInclude>
    <ClInclude Include="shadowdb.h">
      <Filter>Database Handlers</Filter>
    </ClInclude>
    <ClInclude Include="corefoundation.h" />
    <ClInclude Include="stdafx.h">
      <Filter>Component</Filter>
    </ClInclude>
  </ItemGroup>
  <ItemGroup>
    <ClCompile Include="itunesdb.cpp">
      <Filter>Database Handlers</Filter>
    </ClCompile>
    <ClCompile Include="photodb.cpp">
      <Filter>Database Handlers</Filter>
    </ClCompile>
    <ClCompile Include="smart_playlist_processor.cpp">
      <Filter>Database Handlers</Filter>
    </ClCompile>
    <ClCompile Include="lock.cpp">
      <Filter>User Commands</Filter>
    </ClCompile>
    <ClCompile Include="gapless.cpp">
      <Filter>User Commands\Scan Gapless</Filter>
    </ClCompile>
    <ClCompile Include="load_to_playlist.cpp">
      <Filter>User Commands\Load to Playlist</Filter>
    </ClCompile>
    <ClCompile Include="remove_files.cpp">
      <Filter>User Commands\Remove Files</Filter>
    </ClCompile>
    <ClCompile Include="send_files.cpp">
      <Filter>User Commands\Send Files</Filter>
    </ClCompile>
    <ClCompile Include="sync.cpp">
      <Filter>User Commands\Sync</Filter>
    </ClCompile>
    <ClCompile Include="browse.cpp">
      <Filter>User Commands\Browser</Filter>
    </ClCompile>
    <ClCompile Include="item_properties.cpp">
      <Filter>User Commands\Browser</Filter>
    </ClCompile>
    <ClCompile Include="photo_browser.cpp">
      <Filter>User Commands\Browser</Filter>
    </ClCompile>
    <ClCompile Include="smart_playlist_editor.cpp">
      <Filter>User Commands\Browser</Filter>
    </ClCompile>
    <ClCompile Include="shell.cpp">
      <Filter>User Commands\Shell</Filter>
    </ClCompile>
    <ClCompile Include="api.cpp">
      <Filter>Component</Filter>
    </ClCompile>
    <ClCompile Include="config.cpp">
      <Filter>Component</Filter>
    </ClCompile>
    <ClCompile Include="context_menu.cpp">
      <Filter>Component</Filter>
    </ClCompile>
    <ClCompile Include="ipod_manager.cpp">
      <Filter>Component</Filter>
    </ClCompile>
    <ClCompile Include="main_menu.cpp">
      <Filter>Component</Filter>
    </ClCompile>
    <ClCompile Include="panel.cpp">
      <Filter>Component</Filter>
    </ClCompile>
    <ClCompile Include="results.cpp">
      <Filter>Component</Filter>
    </ClCompile>
    <ClCompile Include="stdafx.cpp">
      <Filter>Component</Filter>
    </ClCompile>
    <ClCompile Include="video_tagger.cpp">
      <Filter>Component</Filter>
    </ClCompile>
    <ClCompile Include="helpers.cpp">
      <Filter>Helpers</Filter>
    </ClCompile>
    <ClCompile Include="video_thumbnailer.cpp">
      <Filter>Helpers</Filter>
    </ClCompile>
    <ClCompile Include="sqlite.cpp">
      <Filter>Helpers\Library Interfaces\SQLite</Filter>
    </ClCompile>
    <ClCompile Include="zlib.cpp">
      <Filter>Helpers\Library Interfaces\Zlib</Filter>
    </ClCompile>
    <ClCompile Include="mp3.cpp">
      <Filter>Helpers\MP4</Filter>
    </ClCompile>
    <ClCompile Include="mp4.cpp">
      <Filter>Helpers\MP4</Filter>
    </ClCompile>
    <ClCompile Include="speech.cpp">
      <Filter>Helpers\Speech</Filter>
    </ClCompile>
    <ClCompile Include="file_adder.cpp">
      <Filter>Backend Operations</Filter>
    </ClCompile>
    <ClCompile Include="file_remover.cpp">
      <Filter>Backend Operations</Filter>
    </ClCompile>
    <ClCompile Include="gapless_scanner.cpp">
      <Filter>Backend Operations</Filter>
    </ClCompile>
    <ClCompile Include="ipod_scanner.cpp">
      <Filter>Backend Operations</Filter>
    </ClCompile>
    <ClCompile Include="prepare.cpp">
      <Filter>Backend Operations</Filter>
    </ClCompile>
    <ClCompile Include="reader.cpp">
      <Filter>Backend Operations</Filter>
    </ClCompile>
    <ClCompile Include="writer.cpp">
      <Filter>Backend Operations</Filter>
    </ClCompile>
    <ClCompile Include="writer_dopdb.cpp">
      <Filter>Backend Operations</Filter>
    </ClCompile>
    <ClCompile Include="writer_itunesdb.cpp">
      <Filter>Backend Operations</Filter>
    </ClCompile>
    <ClCompile Include="writer_itunessd.cpp">
      <Filter>Backend Operations</Filter>
    </ClCompile>
    <ClCompile Include="writer_sqlite.cpp">
      <Filter>Backend Operations</Filter>
    </ClCompile>
    <ClCompile Include="mobile_device_cfobject.cpp">
      <Filter>Mobile Device</Filter>
    </ClCompile>
    <ClCompile Include="mobile_device_filesystem.cpp">
      <Filter>Mobile Device</Filter>
    </ClCompile>
    <ClCompile Include="mobile_device_syslog_relay.cpp">
      <Filter>Mobile Device</Filter>
    </ClCompile>
    <ClCompile Include="mobile_device_v2.cpp">
      <Filter>Mobile Device</Filter>
    </ClCompile>
    <ClCompile Include="cfobject.cpp" />
    <ClCompile Include="plist.cpp" />
    <ClCompile Include="reader_dopdb.cpp">
      <Filter>Backend Operations</Filter>
    </ClCompile>
    <ClCompile Include="reader_playcounts.cpp">
      <Filter>Backend Operations</Filter>
    </ClCompile>
    <ClCompile Include="reader_purchases.cpp">
      <Filter>Backend Operations</Filter>
    </ClCompile>
    <ClCompile Include="reader_albumlist.cpp">
      <Filter>Backend Operations</Filter>
    </ClCompile>
    <ClCompile Include="reader_artistlist.cpp">
      <Filter>Backend Operations</Filter>
    </ClCompile>
    <ClCompile Include="reader_cache.cpp">
      <Filter>Backend Operations</Filter>
    </ClCompile>
    <ClCompile Include="file_adder_helpers.cpp">
      <Filter>Backend Operations</Filter>
    </ClCompile>
    <ClCompile Include="file_adder_conversion.cpp">
      <Filter>Backend Operations</Filter>
    </ClCompile>
    <ClCompile Include="file_adder_conversion_manager.cpp">
      <Filter>Backend Operations</Filter>
    </ClCompile>
    <ClCompile Include="itunesdb_mappings.cpp">
      <Filter>Database Handlers</Filter>
    </ClCompile>
    <ClCompile Include="itunesdb_helpers.cpp">
      <Filter>Database Handlers</Filter>
    </ClCompile>
    <ClCompile Include="itunesdb_track.cpp">
      <Filter>Database Handlers</Filter>
    </ClCompile>
    <ClCompile Include="itunesdb_playlist.cpp">
      <Filter>Database Handlers</Filter>
    </ClCompile>
    <ClCompile Include="config_database.cpp">
      <Filter>Component</Filter>
    </ClCompile>
    <ClCompile Include="config_conversion.cpp">
      <Filter>Component</Filter>
    </ClCompile>
    <ClCompile Include="config_features.cpp">
      <Filter>Component</Filter>
    </ClCompile>
    <ClCompile Include="config_behaviour.cpp">
      <Filter>Component</Filter>
    </ClCompile>
    <ClCompile Include="config_ios.cpp">
      <Filter>Component</Filter>
    </ClCompile>
    <ClCompile Include="device_info.cpp">
      <Filter>Component</Filter>
    </ClCompile>
    <ClCompile Include="reader_playlists.cpp">
      <Filter>Backend Operations</Filter>
    </ClCompile>
  </ItemGroup>
  <ItemGroup>
    <Image Include="folder.ico">
      <Filter>Resources</Filter>
    </Image>
    <Image Include="ipod.ico">
      <Filter>Resources</Filter>
    </Image>
    <Image Include="ipodflat.ico">
      <Filter>Resources</Filter>
    </Image>
    <Image Include="playlist.ico">
      <Filter>Resources</Filter>
    </Image>
  </ItemGroup>
  <ItemGroup>
    <ResourceCompile Include="foo_dop.rc">
      <Filter>Resources</Filter>
    </ResourceCompile>
  </ItemGroup>
</Project>